
Microsoft Visual Studio Solution File, Format Version 9.00
# Visual Studio 2005
Project("{8BC9CEB8-8B4A-11D0-8D11-00A0C91BC942}") = "ClockerPlugIn", "ClockerPlugIn\ClockerPlugIn.vcproj", "{FDC7AEBB-5BD0-4B2E-B752-98A5026183AF}"
EndProject
Project("{8BC9CEB8-8B4A-11D0-8D11-00A0C91BC942}") = "CppUnitTestMain", "cppunittest\CppUnitTestMain.vcproj", "{37A3E279-13BF-4D5B-8484-B1DA8F97D376}"
EndProject
Project("{8BC9CEB8-8B4A-11D0-8D11-00A0C91BC942}") = "CppUnitTestPlugIn", "cppunittest\CppUnitTestPlugIn.vcproj", "{010A10FF-36D3-499C-8E2D-0294EC15A97C}"
EndProject
Project("{8BC9CEB8-8B4A-11D0-8D11-00A0C91BC942}") = "DllPlugInTester", "..\src\DllPlugInTester\DllPlugInTester.vcproj", "{F0D512FA-A86C-4E6E-8AEB-1557EACB8921}"
EndProject
Project("{8BC9CEB8-8B4A-11D0-8D11-00A0C91BC942}") = "DllPlugInTesterTest", "..\src\DllPlugInTester\DllPlugInTesterTest.vcproj", "{6FF15BFA-B102-495E-A984-39CB063EAA35}"
EndProject
Project("{8BC9CEB8-8B4A-11D0-8D11-00A0C91BC942}") = "DumperPlugIn", "DumperPlugIn\DumperPlugIn.vcproj", "{3B82D5A3-9E90-4A1C-AA16-BB62D3F3BBAA}"
EndProject
Project("{8BC9CEB8-8B4A-11D0-8D11-00A0C91BC942}") = "cppunit", "..\src\cppunit\cppunit.vcproj", "{66A87773-261B-45E7-ADF3-6859E4ADB6A1}"
EndProject
Project("{8BC9CEB8-8B4A-11D0-8D11-00A0C91BC942}") = "hierarchy", "hierarchy\hierarchy.vcproj", "{7D137E58-9599-4DBE-87D6-5501D311C0B1}"
	ProjectSection(ProjectDependencies) = postProject
		{66A87773-261B-45E7-ADF3-6859E4ADB6A1} = {66A87773-261B-45E7-ADF3-6859E4ADB6A1}
	EndProjectSection
EndProject
Project("{8BC9CEB8-8B4A-11D0-8D11-00A0C91BC942}") = "money", "money\money.vcproj", "{F53543A1-DCF1-4667-BD50-260E73A50FDB}"
	ProjectSection(ProjectDependencies) = postProject
		{66A87773-261B-45E7-ADF3-6859E4ADB6A1} = {66A87773-261B-45E7-ADF3-6859E4ADB6A1}
	EndProjectSection
EndProject
Project("{8BC9CEB8-8B4A-11D0-8D11-00A0C91BC942}") = "simple", "simple\simple.vcproj", "{B0FA1EDF-CE23-4CF7-A254-72977E0E6A2B}"
	ProjectSection(ProjectDependencies) = postProject
		{66A87773-261B-45E7-ADF3-6859E4ADB6A1} = {66A87773-261B-45E7-ADF3-6859E4ADB6A1}
	EndProjectSection
EndProject
Project("{8BC9CEB8-8B4A-11D0-8D11-00A0C91BC942}") = "simple_plugin", "SIMPLE\simple_plugin.vcproj", "{D48BEB72-F337-40E1-8BF7-D42AFB4FFCC0}"
	ProjectSection(ProjectDependencies) = postProject
		{F0D512FA-A86C-4E6E-8AEB-1557EACB8921} = {F0D512FA-A86C-4E6E-8AEB-1557EACB8921}
	EndProjectSection
EndProject
Global
	GlobalSection(SolutionConfigurationPlatforms) = preSolution
		Debug DLL|Win32 = Debug DLL|Win32
		Debug NtTimer|Win32 = Debug NtTimer|Win32
		Debug Static|Win32 = Debug Static|Win32
		Debug Unicode|Win32 = Debug Unicode|Win32
		Debug|Win32 = Debug|Win32
		Release DLL|Win32 = Release DLL|Win32
		Release Static|Win32 = Release Static|Win32
		Release Unicode|Win32 = Release Unicode|Win32
		Release|Win32 = Release|Win32
	EndGlobalSection
	GlobalSection(ProjectConfigurationPlatforms) = postSolution
		{FDC7AEBB-5BD0-4B2E-B752-98A5026183AF}.Debug DLL|Win32.ActiveCfg = Debug NtTimer|Win32
		{FDC7AEBB-5BD0-4B2E-B752-98A5026183AF}.Debug DLL|Win32.Build.0 = Debug NtTimer|Win32
		{FDC7AEBB-5BD0-4B2E-B752-98A5026183AF}.Debug NtTimer|Win32.ActiveCfg = Debug NtTimer|Win32
		{FDC7AEBB-5BD0-4B2E-B752-98A5026183AF}.Debug NtTimer|Win32.Build.0 = Debug NtTimer|Win32
		{FDC7AEBB-5BD0-4B2E-B752-98A5026183AF}.Debug Static|Win32.ActiveCfg = Debug NtTimer|Win32
		{FDC7AEBB-5BD0-4B2E-B752-98A5026183AF}.Debug Static|Win32.Build.0 = Debug NtTimer|Win32
		{FDC7AEBB-5BD0-4B2E-B752-98A5026183AF}.Debug Unicode|Win32.ActiveCfg = Debug NtTimer|Win32
		{FDC7AEBB-5BD0-4B2E-B752-98A5026183AF}.Debug Unicode|Win32.Build.0 = Debug NtTimer|Win32
		{FDC7AEBB-5BD0-4B2E-B752-98A5026183AF}.Debug|Win32.ActiveCfg = Debug|Win32
		{FDC7AEBB-5BD0-4B2E-B752-98A5026183AF}.Debug|Win32.Build.0 = Debug|Win32
		{FDC7AEBB-5BD0-4B2E-B752-98A5026183AF}.Release DLL|Win32.ActiveCfg = Release|Win32
		{FDC7AEBB-5BD0-4B2E-B752-98A5026183AF}.Release DLL|Win32.Build.0 = Release|Win32
		{FDC7AEBB-5BD0-4B2E-B752-98A5026183AF}.Release Static|Win32.ActiveCfg = Release|Win32
		{FDC7AEBB-5BD0-4B2E-B752-98A5026183AF}.Release Static|Win32.Build.0 = Release|Win32
		{FDC7AEBB-5BD0-4B2E-B752-98A5026183AF}.Release Unicode|Win32.ActiveCfg = Release|Win32
		{FDC7AEBB-5BD0-4B2E-B752-98A5026183AF}.Release Unicode|Win32.Build.0 = Release|Win32
		{FDC7AEBB-5BD0-4B2E-B752-98A5026183AF}.Release|Win32.ActiveCfg = Release|Win32
		{FDC7AEBB-5BD0-4B2E-B752-98A5026183AF}.Release|Win32.Build.0 = Release|Win32
		{37A3E279-13BF-4D5B-8484-B1DA8F97D376}.Debug DLL|Win32.ActiveCfg = Debug DLL|Win32
		{37A3E279-13BF-4D5B-8484-B1DA8F97D376}.Debug DLL|Win32.Build.0 = Debug DLL|Win32
		{37A3E279-13BF-4D5B-8484-B1DA8F97D376}.Debug NtTimer|Win32.ActiveCfg = Debug DLL|Win32
		{37A3E279-13BF-4D5B-8484-B1DA8F97D376}.Debug NtTimer|Win32.Build.0 = Debug DLL|Win32
		{37A3E279-13BF-4D5B-8484-B1DA8F97D376}.Debug Static|Win32.ActiveCfg = Debug DLL|Win32
		{37A3E279-13BF-4D5B-8484-B1DA8F97D376}.Debug Static|Win32.Build.0 = Debug DLL|Win32
		{37A3E279-13BF-4D5B-8484-B1DA8F97D376}.Debug Unicode|Win32.ActiveCfg = Debug DLL|Win32
		{37A3E279-13BF-4D5B-8484-B1DA8F97D376}.Debug Unicode|Win32.Build.0 = Debug DLL|Win32
		{37A3E279-13BF-4D5B-8484-B1DA8F97D376}.Debug|Win32.ActiveCfg = Debug|Win32
		{37A3E279-13BF-4D5B-8484-B1DA8F97D376}.Debug|Win32.Build.0 = Debug|Win32
		{37A3E279-13BF-4D5B-8484-B1DA8F97D376}.Release DLL|Win32.ActiveCfg = Release DLL|Win32
		{37A3E279-13BF-4D5B-8484-B1DA8F97D376}.Release DLL|Win32.Build.0 = Release DLL|Win32
		{37A3E279-13BF-4D5B-8484-B1DA8F97D376}.Release Static|Win32.ActiveCfg = Release DLL|Win32
		{37A3E279-13BF-4D5B-8484-B1DA8F97D376}.Release Static|Win32.Build.0 = Release DLL|Win32
		{37A3E279-13BF-4D5B-8484-B1DA8F97D376}.Release Unicode|Win32.ActiveCfg = Release DLL|Win32
		{37A3E279-13BF-4D5B-8484-B1DA8F97D376}.Release Unicode|Win32.Build.0 = Release DLL|Win32
		{37A3E279-13BF-4D5B-8484-B1DA8F97D376}.Release|Win32.ActiveCfg = Release|Win32
		{37A3E279-13BF-4D5B-8484-B1DA8F97D376}.Release|Win32.Build.0 = Release|Win32
		{010A10FF-36D3-499C-8E2D-0294EC15A97C}.Debug DLL|Win32.ActiveCfg = Debug|Win32
		{010A10FF-36D3-499C-8E2D-0294EC15A97C}.Debug DLL|Win32.Build.0 = Debug|Win32
		{010A10FF-36D3-499C-8E2D-0294EC15A97C}.Debug NtTimer|Win32.ActiveCfg = Debug|Win32
		{010A10FF-36D3-499C-8E2D-0294EC15A97C}.Debug NtTimer|Win32.Build.0 = Debug|Win32
		{010A10FF-36D3-499C-8E2D-0294EC15A97C}.Debug Static|Win32.ActiveCfg = Debug|Win32
		{010A10FF-36D3-499C-8E2D-0294EC15A97C}.Debug Static|Win32.Build.0 = Debug|Win32
		{010A10FF-36D3-499C-8E2D-0294EC15A97C}.Debug Unicode|Win32.ActiveCfg = Debug|Win32
		{010A10FF-36D3-499C-8E2D-0294EC15A97C}.Debug Unicode|Win32.Build.0 = Debug|Win32
		{010A10FF-36D3-499C-8E2D-0294EC15A97C}.Debug|Win32.ActiveCfg = Debug|Win32
		{010A10FF-36D3-499C-8E2D-0294EC15A97C}.Debug|Win32.Build.0 = Debug|Win32
		{010A10FF-36D3-499C-8E2D-0294EC15A97C}.Release DLL|Win32.ActiveCfg = Release|Win32
		{010A10FF-36D3-499C-8E2D-0294EC15A97C}.Release DLL|Win32.Build.0 = Release|Win32
		{010A10FF-36D3-499C-8E2D-0294EC15A97C}.Release Static|Win32.ActiveCfg = Release|Win32
		{010A10FF-36D3-499C-8E2D-0294EC15A97C}.Release Static|Win32.Build.0 = Release|Win32
		{010A10FF-36D3-499C-8E2D-0294EC15A97C}.Release Unicode|Win32.ActiveCfg = Release|Win32
		{010A10FF-36D3-499C-8E2D-0294EC15A97C}.Release Unicode|Win32.Build.0 = Release|Win32
		{010A10FF-36D3-499C-8E2D-0294EC15A97C}.Release|Win32.ActiveCfg = Release|Win32
		{010A10FF-36D3-499C-8E2D-0294EC15A97C}.Release|Win32.Build.0 = Release|Win32
		{F0D512FA-A86C-4E6E-8AEB-1557EACB8921}.Debug DLL|Win32.ActiveCfg = Debug Unicode|Win32
		{F0D512FA-A86C-4E6E-8AEB-1557EACB8921}.Debug DLL|Win32.Build.0 = Debug Unicode|Win32
		{F0D512FA-A86C-4E6E-8AEB-1557EACB8921}.Debug NtTimer|Win32.ActiveCfg = Debug Unicode|Win32
		{F0D512FA-A86C-4E6E-8AEB-1557EACB8921}.Debug NtTimer|Win32.Build.0 = Debug Unicode|Win32
		{F0D512FA-A86C-4E6E-8AEB-1557EACB8921}.Debug Static|Win32.ActiveCfg = Debug Static|Win32
		{F0D512FA-A86C-4E6E-8AEB-1557EACB8921}.Debug Static|Win32.Build.0 = Debug Static|Win32
		{F0D512FA-A86C-4E6E-8AEB-1557EACB8921}.Debug Unicode|Win32.ActiveCfg = Debug Unicode|Win32
		{F0D512FA-A86C-4E6E-8AEB-1557EACB8921}.Debug Unicode|Win32.Build.0 = Debug Unicode|Win32
		{F0D512FA-A86C-4E6E-8AEB-1557EACB8921}.Debug|Win32.ActiveCfg = Debug|Win32
		{F0D512FA-A86C-4E6E-8AEB-1557EACB8921}.Debug|Win32.Build.0 = Debug|Win32
		{F0D512FA-A86C-4E6E-8AEB-1557EACB8921}.Release DLL|Win32.ActiveCfg = Release Static|Win32
		{F0D512FA-A86C-4E6E-8AEB-1557EACB8921}.Release DLL|Win32.Build.0 = Release Static|Win32
		{F0D512FA-A86C-4E6E-8AEB-1557EACB8921}.Release Static|Win32.ActiveCfg = Release Static|Win32
		{F0D512FA-A86C-4E6E-8AEB-1557EACB8921}.Release Static|Win32.Build.0 = Release Static|Win32
		{F0D512FA-A86C-4E6E-8AEB-1557EACB8921}.Release Unicode|Win32.ActiveCfg = Release Unicode|Win32
		{F0D512FA-A86C-4E6E-8AEB-1557EACB8921}.Release Unicode|Win32.Build.0 = Release Unicode|Win32
		{F0D512FA-A86C-4E6E-8AEB-1557EACB8921}.Release|Win32.ActiveCfg = Release|Win32
		{F0D512FA-A86C-4E6E-8AEB-1557EACB8921}.Release|Win32.Build.0 = Release|Win32
		{6FF15BFA-B102-495E-A984-39CB063EAA35}.Debug DLL|Win32.ActiveCfg = Debug|Win32
		{6FF15BFA-B102-495E-A984-39CB063EAA35}.Debug DLL|Win32.Build.0 = Debug|Win32
		{6FF15BFA-B102-495E-A984-39CB063EAA35}.Debug NtTimer|Win32.ActiveCfg = Debug|Win32
		{6FF15BFA-B102-495E-A984-39CB063EAA35}.Debug NtTimer|Win32.Build.0 = Debug|Win32
		{6FF15BFA-B102-495E-A984-39CB063EAA35}.Debug Static|Win32.ActiveCfg = Debug|Win32
		{6FF15BFA-B102-495E-A984-39CB063EAA35}.Debug Static|Win32.Build.0 = Debug|Win32
		{6FF15BFA-B102-495E-A984-39CB063EAA35}.Debug Unicode|Win32.ActiveCfg = Debug|Win32
		{6FF15BFA-B102-495E-A984-39CB063EAA35}.Debug Unicode|Win32.Build.0 = Debug|Win32
		{6FF15BFA-B102-495E-A984-39CB063EAA35}.Debug|Win32.ActiveCfg = Debug|Win32
		{6FF15BFA-B102-495E-A984-39CB063EAA35}.Debug|Win32.Build.0 = Debug|Win32
		{6FF15BFA-B102-495E-A984-39CB063EAA35}.Release DLL|Win32.ActiveCfg = Release|Win32
		{6FF15BFA-B102-495E-A984-39CB063EAA35}.Release DLL|Win32.Build.0 = Release|Win32
		{6FF15BFA-B102-495E-A984-39CB063EAA35}.Release Static|Win32.ActiveCfg = Release|Win32
		{6FF15BFA-B102-495E-A984-39CB063EAA35}.Release Static|Win32.Build.0 = Release|Win32
		{6FF15BFA-B102-495E-A984-39CB063EAA35}.Release Unicode|Win32.ActiveCfg = Release|Win32
		{6FF15BFA-B102-495E-A984-39CB063EAA35}.Release Unicode|Win32.Build.0 = Release|Win32
		{6FF15BFA-B102-495E-A984-39CB063EAA35}.Release|Win32.ActiveCfg = Release|Win32
		{6FF15BFA-B102-495E-A984-39CB063EAA35}.Release|Win32.Build.0 = Release|Win32
		{3B82D5A3-9E90-4A1C-AA16-BB62D3F3BBAA}.Debug DLL|Win32.ActiveCfg = Debug|Win32
		{3B82D5A3-9E90-4A1C-AA16-BB62D3F3BBAA}.Debug DLL|Win32.Build.0 = Debug|Win32
		{3B82D5A3-9E90-4A1C-AA16-BB62D3F3BBAA}.Debug NtTimer|Win32.ActiveCfg = Debug|Win32
		{3B82D5A3-9E90-4A1C-AA16-BB62D3F3BBAA}.Debug NtTimer|Win32.Build.0 = Debug|Win32
		{3B82D5A3-9E90-4A1C-AA16-BB62D3F3BBAA}.Debug Static|Win32.ActiveCfg = Debug|Win32
		{3B82D5A3-9E90-4A1C-AA16-BB62D3F3BBAA}.Debug Static|Win32.Build.0 = Debug|Win32
		{3B82D5A3-9E90-4A1C-AA16-BB62D3F3BBAA}.Debug Unicode|Win32.ActiveCfg = Debug|Win32
		{3B82D5A3-9E90-4A1C-AA16-BB62D3F3BBAA}.Debug Unicode|Win32.Build.0 = Debug|Win32
		{3B82D5A3-9E90-4A1C-AA16-BB62D3F3BBAA}.Debug|Win32.ActiveCfg = Debug|Win32
		{3B82D5A3-9E90-4A1C-AA16-BB62D3F3BBAA}.Debug|Win32.Build.0 = Debug|Win32
		{3B82D5A3-9E90-4A1C-AA16-BB62D3F3BBAA}.Release DLL|Win32.ActiveCfg = Release|Win32
		{3B82D5A3-9E90-4A1C-AA16-BB62D3F3BBAA}.Release DLL|Win32.Build.0 = Release|Win32
		{3B82D5A3-9E90-4A1C-AA16-BB62D3F3BBAA}.Release Static|Win32.ActiveCfg = Release|Win32
		{3B82D5A3-9E90-4A1C-AA16-BB62D3F3BBAA}.Release Static|Win32.Build.0 = Release|Win32
		{3B82D5A3-9E90-4A1C-AA16-BB62D3F3BBAA}.Release Unicode|Win32.ActiveCfg = Release|Win32
		{3B82D5A3-9E90-4A1C-AA16-BB62D3F3BBAA}.Release Unicode|Win32.Build.0 = Release|Win32
		{3B82D5A3-9E90-4A1C-AA16-BB62D3F3BBAA}.Release|Win32.ActiveCfg = Release|Win32
		{3B82D5A3-9E90-4A1C-AA16-BB62D3F3BBAA}.Release|Win32.Build.0 = Release|Win32
		{66A87773-261B-45E7-ADF3-6859E4ADB6A1}.Debug DLL|Win32.ActiveCfg = Debug|Win32
		{66A87773-261B-45E7-ADF3-6859E4ADB6A1}.Debug DLL|Win32.Build.0 = Debug|Win32
		{66A87773-261B-45E7-ADF3-6859E4ADB6A1}.Debug NtTimer|Win32.ActiveCfg = Debug|Win32
		{66A87773-261B-45E7-ADF3-6859E4ADB6A1}.Debug NtTimer|Win32.Build.0 = Debug|Win32
		{66A87773-261B-45E7-ADF3-6859E4ADB6A1}.Debug Static|Win32.ActiveCfg = Debug|Win32
		{66A87773-261B-45E7-ADF3-6859E4ADB6A1}.Debug Static|Win32.Build.0 = Debug|Win32
		{66A87773-261B-45E7-ADF3-6859E4ADB6A1}.Debug Unicode|Win32.ActiveCfg = Debug|Win32
		{66A87773-261B-45E7-ADF3-6859E4ADB6A1}.Debug Unicode|Win32.Build.0 = Debug|Win32
		{66A87773-261B-45E7-ADF3-6859E4ADB6A1}.Debug|Win32.ActiveCfg = Debug|Win32
		{66A87773-261B-45E7-ADF3-6859E4ADB6A1}.Debug|Win32.Build.0 = Debug|Win32
		{66A87773-261B-45E7-ADF3-6859E4ADB6A1}.Release DLL|Win32.ActiveCfg = Release|Win32
		{66A87773-261B-45E7-ADF3-6859E4ADB6A1}.Release DLL|Win32.Build.0 = Release|Win32
		{66A87773-261B-45E7-ADF3-6859E4ADB6A1}.Release Static|Win32.ActiveCfg = Release|Win32
		{66A87773-261B-45E7-ADF3-6859E4ADB6A1}.Release Static|Win32.Build.0 = Release|Win32
		{66A87773-261B-45E7-ADF3-6859E4ADB6A1}.Release Unicode|Win32.ActiveCfg = Release|Win32
		{66A87773-261B-45E7-ADF3-6859E4ADB6A1}.Release Unicode|Win32.Build.0 = Release|Win32
		{66A87773-261B-45E7-ADF3-6859E4ADB6A1}.Release|Win32.ActiveCfg = Release|Win32
		{66A87773-261B-45E7-ADF3-6859E4ADB6A1}.Release|Win32.Build.0 = Release|Win32
		{7D137E58-9599-4DBE-87D6-5501D311C0B1}.Debug DLL|Win32.ActiveCfg = Debug|Win32
		{7D137E58-9599-4DBE-87D6-5501D311C0B1}.Debug DLL|Win32.Build.0 = Debug|Win32
		{7D137E58-9599-4DBE-87D6-5501D311C0B1}.Debug NtTimer|Win32.ActiveCfg = Debug|Win32
		{7D137E58-9599-4DBE-87D6-5501D311C0B1}.Debug NtTimer|Win32.Build.0 = Debug|Win32
		{7D137E58-9599-4DBE-87D6-5501D311C0B1}.Debug Static|Win32.ActiveCfg = Debug|Win32
		{7D137E58-9599-4DBE-87D6-5501D311C0B1}.Debug Static|Win32.Build.0 = Debug|Win32
		{7D137E58-9599-4DBE-87D6-5501D311C0B1}.Debug Unicode|Win32.ActiveCfg = Debug|Win32
		{7D137E58-9599-4DBE-87D6-5501D311C0B1}.Debug Unicode|Win32.Build.0 = Debug|Win32
		{7D137E58-9599-4DBE-87D6-5501D311C0B1}.Debug|Win32.ActiveCfg = Debug|Win32
		{7D137E58-9599-4DBE-87D6-5501D311C0B1}.Debug|Win32.Build.0 = Debug|Win32
		{7D137E58-9599-4DBE-87D6-5501D311C0B1}.Release DLL|Win32.ActiveCfg = Release|Win32
		{7D137E58-9599-4DBE-87D6-5501D311C0B1}.Release DLL|Win32.Build.0 = Release|Win32
		{7D137E58-9599-4DBE-87D6-5501D311C0B1}.Release Static|Win32.ActiveCfg = Release|Win32
		{7D137E58-9599-4DBE-87D6-5501D311C0B1}.Release Static|Win32.Build.0 = Release|Win32
		{7D137E58-9599-4DBE-87D6-5501D311C0B1}.Release Unicode|Win32.ActiveCfg = Release|Win32
		{7D137E58-9599-4DBE-87D6-5501D311C0B1}.Release Unicode|Win32.Build.0 = Release|Win32
		{7D137E58-9599-4DBE-87D6-5501D311C0B1}.Release|Win32.ActiveCfg = Release|Win32
		{7D137E58-9599-4DBE-87D6-5501D311C0B1}.Release|Win32.Build.0 = Release|Win32
		{F53543A1-DCF1-4667-BD50-260E73A50FDB}.Debug DLL|Win32.ActiveCfg = Debug|Win32
		{F53543A1-DCF1-4667-BD50-260E73A50FDB}.Debug DLL|Win32.Build.0 = Debug|Win32
		{F53543A1-DCF1-4667-BD50-260E73A50FDB}.Debug NtTimer|Win32.ActiveCfg = Debug|Win32
		{F53543A1-DCF1-4667-BD50-260E73A50FDB}.Debug NtTimer|Win32.Build.0 = Debug|Win32
		{F53543A1-DCF1-4667-BD50-260E73A50FDB}.Debug Static|Win32.ActiveCfg = Debug|Win32
		{F53543A1-DCF1-4667-BD50-260E73A50FDB}.Debug Static|Win32.Build.0 = Debug|Win32
		{F53543A1-DCF1-4667-BD50-260E73A50FDB}.Debug Unicode|Win32.ActiveCfg = Debug|Win32
		{F53543A1-DCF1-4667-BD50-260E73A50FDB}.Debug Unicode|Win32.Build.0 = Debug|Win32
		{F53543A1-DCF1-4667-BD50-260E73A50FDB}.Debug|Win32.ActiveCfg = Debug|Win32
		{F53543A1-DCF1-4667-BD50-260E73A50FDB}.Debug|Win32.Build.0 = Debug|Win32
		{F53543A1-DCF1-4667-BD50-260E73A50FDB}.Release DLL|Win32.ActiveCfg = Release|Win32
		{F53543A1-DCF1-4667-BD50-260E73A50FDB}.Release DLL|Win32.Build.0 = Release|Win32
		{F53543A1-DCF1-4667-BD50-260E73A50FDB}.Release Static|Win32.ActiveCfg = Release|Win32
		{F53543A1-DCF1-4667-BD50-260E73A50FDB}.Release Static|Win32.Build.0 = Release|Win32
		{F53543A1-DCF1-4667-BD50-260E73A50FDB}.Release Unicode|Win32.ActiveCfg = Release|Win32
		{F53543A1-DCF1-4667-BD50-260E73A50FDB}.Release Unicode|Win32.Build.0 = Release|Win32
		{F53543A1-DCF1-4667-BD50-260E73A50FDB}.Release|Win32.ActiveCfg = Release|Win32
		{F53543A1-DCF1-4667-BD50-260E73A50FDB}.Release|Win32.Build.0 = Release|Win32
		{B0FA1EDF-CE23-4CF7-A254-72977E0E6A2B}.Debug DLL|Win32.ActiveCfg = Debug|Win32
		{B0FA1EDF-CE23-4CF7-A254-72977E0E6A2B}.Debug DLL|Win32.Build.0 = Debug|Win32
		{B0FA1EDF-CE23-4CF7-A254-72977E0E6A2B}.Debug NtTimer|Win32.ActiveCfg = Debug|Win32
		{B0FA1EDF-CE23-4CF7-A254-72977E0E6A2B}.Debug NtTimer|Win32.Build.0 = Debug|Win32
		{B0FA1EDF-CE23-4CF7-A254-72977E0E6A2B}.Debug Static|Win32.ActiveCfg = Debug|Win32
		{B0FA1EDF-CE23-4CF7-A254-72977E0E6A2B}.Debug Static|Win32.Build.0 = Debug|Win32
		{B0FA1EDF-CE23-4CF7-A254-72977E0E6A2B}.Debug Unicode|Win32.ActiveCfg = Debug|Win32
		{B0FA1EDF-CE23-4CF7-A254-72977E0E6A2B}.Debug Unicode|Win32.Build.0 = Debug|Win32
		{B0FA1EDF-CE23-4CF7-A254-72977E0E6A2B}.Debug|Win32.ActiveCfg = Debug|Win32
		{B0FA1EDF-CE23-4CF7-A254-72977E0E6A2B}.Debug|Win32.Build.0 = Debug|Win32
		{B0FA1EDF-CE23-4CF7-A254-72977E0E6A2B}.Release DLL|Win32.ActiveCfg = Release|Win32
		{B0FA1EDF-CE23-4CF7-A254-72977E0E6A2B}.Release DLL|Win32.Build.0 = Release|Win32
		{B0FA1EDF-CE23-4CF7-A254-72977E0E6A2B}.Release Static|Win32.ActiveCfg = Release|Win32
		{B0FA1EDF-CE23-4CF7-A254-72977E0E6A2B}.Release Static|Win32.Build.0 = Release|Win32
		{B0FA1EDF-CE23-4CF7-A254-72977E0E6A2B}.Release Unicode|Win32.ActiveCfg = Release|Win32
		{B0FA1EDF-CE23-4CF7-A254-72977E0E6A2B}.Release Unicode|Win32.Build.0 = Release|Win32
		{B0FA1EDF-CE23-4CF7-A254-72977E0E6A2B}.Release|Win32.ActiveCfg = Release|Win32
		{B0FA1EDF-CE23-4CF7-A254-72977E0E6A2B}.Release|Win32.Build.0 = Release|Win32
		{D48BEB72-F337-40E1-8BF7-D42AFB4FFCC0}.Debug DLL|Win32.ActiveCfg = Debug|Win32
		{D48BEB72-F337-40E1-8BF7-D42AFB4FFCC0}.Debug DLL|Win32.Build.0 = Debug|Win32
		{D48BEB72-F337-40E1-8BF7-D42AFB4FFCC0}.Debug NtTimer|Win32.ActiveCfg = Debug|Win32
		{D48BEB72-F337-40E1-8BF7-D42AFB4FFCC0}.Debug NtTimer|Win32.Build.0 = Debug|Win32
		{D48BEB72-F337-40E1-8BF7-D42AFB4FFCC0}.Debug Static|Win32.ActiveCfg = Debug|Win32
		{D48BEB72-F337-40E1-8BF7-D42AFB4FFCC0}.Debug Static|Win32.Build.0 = Debug|Win32
		{D48BEB72-F337-40E1-8BF7-D42AFB4FFCC0}.Debug Unicode|Win32.ActiveCfg = Debug|Win32
		{D48BEB72-F337-40E1-8BF7-D42AFB4FFCC0}.Debug Unicode|Win32.Build.0 = Debug|Win32
		{D48BEB72-F337-40E1-8BF7-D42AFB4FFCC0}.Debug|Win32.ActiveCfg = Debug|Win32
		{D48BEB72-F337-40E1-8BF7-D42AFB4FFCC0}.Debug|Win32.Build.0 = Debug|Win32
		{D48BEB72-F337-40E1-8BF7-D42AFB4FFCC0}.Release DLL|Win32.ActiveCfg = Release|Win32
		{D48BEB72-F337-40E1-8BF7-D42AFB4FFCC0}.Release DLL|Win32.Build.0 = Release|Win32
		{D48BEB72-F337-40E1-8BF7-D42AFB4FFCC0}.Release Static|Win32.ActiveCfg = Release|Win32
		{D48BEB72-F337-40E1-8BF7-D42AFB4FFCC0}.Release Static|Win32.Build.0 = Release|Win32
		{D48BEB72-F337-40E1-8BF7-D42AFB4FFCC0}.Release Unicode|Win32.ActiveCfg = Release|Win32
		{D48BEB72-F337-40E1-8BF7-D42AFB4FFCC0}.Release Unicode|Win32.Build.0 = Release|Win32
		{D48BEB72-F337-40E1-8BF7-D42AFB4FFCC0}.Release|Win32.ActiveCfg = Release|Win32
		{D48BEB72-F337-40E1-8BF7-D42AFB4FFCC0}.Release|Win32.Build.0 = Release|Win32
	EndGlobalSection
	GlobalSection(SolutionProperties) = preSolution
		HideSolutionNode = FALSE
	EndGlobalSection
EndGlobal
